
Microsoft Visual Studio Solution File, Format Version 12.00
# Visual Studio Version 17
VisualStudioVersion = 17.0.31903.59
MinimumVisualStudioVersion = 10.0.40219.1
Project("{2150E333-8FDC-42A3-9474-1A3956D46DE8}") = "src", "src", "{827E0CD3-B72D-47B6-A68D-7590B98EB39B}"
EndProject
Project("{FAE04EC0-301F-11D3-BF4B-00C04F79EFBC}") = "Helios.Api", "src\Helios.Api\Helios.Api.csproj", "{C0B75F8D-96CA-45FD-BBD8-DFE28A90327A}"
EndProject
Project("{FAE04EC0-301F-11D3-BF4B-00C04F79EFBC}") = "Helios.Application", "src\Helios.Application\Helios.Application.csproj", "{6959E5B6-88F3-48D4-BB8A-3816BD69849E}"
EndProject
Project("{FAE04EC0-301F-11D3-BF4B-00C04F79EFBC}") = "Helios.Contracts", "src\Helios.Contracts\Helios.Contracts.csproj", "{B57D2DCB-3424-463D-BC49-38FA2F971D64}"
EndProject
Project("{FAE04EC0-301F-11D3-BF4B-00C04F79EFBC}") = "Helios.Domain", "src\Helios.Domain\Helios.Domain.csproj", "{732EBDED-9FDB-46A1-B4AF-B46130704877}"
EndProject
Project("{FAE04EC0-301F-11D3-BF4B-00C04F79EFBC}") = "Helios.Infrastructure", "src\Helios.Infrastructure\Helios.Infrastructure.csproj", "{1ACB252B-6806-4847-9394-77DDAB3351A9}"
EndProject
Project("{FAE04EC0-301F-11D3-BF4B-00C04F79EFBC}") = "Helios.Worker", "src\Helios.Worker\Helios.Worker.csproj", "{4396BCE7-1639-47DC-B5E0-2E02E2B57361}"
EndProject
Project("{2150E333-8FDC-42A3-9474-1A3956D46DE8}") = "tests", "tests", "{0AB3BF05-4346-4AA6-1389-037BE0695223}"
EndProject
Project("{FAE04EC0-301F-11D3-BF4B-00C04F79EFBC}") = "Helios.AITests", "tests\Helios.AITests\Helios.AITests.csproj", "{38CC4D7A-BD55-4AFF-804B-CAA18B322298}"
EndProject
Project("{FAE04EC0-301F-11D3-BF4B-00C04F79EFBC}") = "Helios.ArchitectureTests", "tests\Helios.ArchitectureTests\Helios.ArchitectureTests.csproj", "{DD1B27C5-DD84-44A2-98EF-35762DB11EA7}"
EndProject
Project("{FAE04EC0-301F-11D3-BF4B-00C04F79EFBC}") = "Helios.EndToEndTests", "tests\Helios.EndToEndTests\Helios.EndToEndTests.csproj", "{CE6AE4E0-E5DF-4038-89F7-7EC4D0E36D21}"
EndProject
Project("{FAE04EC0-301F-11D3-BF4B-00C04F79EFBC}") = "Helios.IntegrationTests", "tests\Helios.IntegrationTests\Helios.IntegrationTests.csproj", "{C0C7F4C3-7234-42B0-804A-E9624A3ABA89}"
EndProject
Project("{FAE04EC0-301F-11D3-BF4B-00C04F79EFBC}") = "Helios.UnitTests", "tests\Helios.UnitTests\Helios.UnitTests.csproj", "{15A4252D-34FC-46BA-A0EC-2744F0FFEC50}"
EndProject
Global
	GlobalSection(SolutionConfigurationPlatforms) = preSolution
		Debug|Any CPU = Debug|Any CPU
		Debug|x64 = Debug|x64
		Debug|x86 = Debug|x86
		Release|Any CPU = Release|Any CPU
		Release|x64 = Release|x64
		Release|x86 = Release|x86
	EndGlobalSection
	GlobalSection(ProjectConfigurationPlatforms) = postSolution
		{C0B75F8D-96CA-45FD-BBD8-DFE28A90327A}.Debug|Any CPU.ActiveCfg = Debug|Any CPU
		{C0B75F8D-96CA-45FD-BBD8-DFE28A90327A}.Debug|Any CPU.Build.0 = Debug|Any CPU
		{C0B75F8D-96CA-45FD-BBD8-DFE28A90327A}.Debug|x64.ActiveCfg = Debug|Any CPU
		{C0B75F8D-96CA-45FD-BBD8-DFE28A90327A}.Debug|x64.Build.0 = Debug|Any CPU
		{C0B75F8D-96CA-45FD-BBD8-DFE28A90327A}.Debug|x86.ActiveCfg = Debug|Any CPU
		{C0B75F8D-96CA-45FD-BBD8-DFE28A90327A}.Debug|x86.Build.0 = Debug|Any CPU
		{C0B75F8D-96CA-45FD-BBD8-DFE28A90327A}.Release|Any CPU.ActiveCfg = Release|Any CPU
		{C0B75F8D-96CA-45FD-BBD8-DFE28A90327A}.Release|Any CPU.Build.0 = Release|Any CPU
		{C0B75F8D-96CA-45FD-BBD8-DFE28A90327A}.Release|x64.ActiveCfg = Release|Any CPU
		{C0B75F8D-96CA-45FD-BBD8-DFE28A90327A}.Release|x64.Build.0 = Release|Any CPU
		{C0B75F8D-96CA-45FD-BBD8-DFE28A90327A}.Release|x86.ActiveCfg = Release|Any CPU
		{C0B75F8D-96CA-45FD-BBD8-DFE28A90327A}.Release|x86.Build.0 = Release|Any CPU
		{6959E5B6-88F3-48D4-BB8A-3816BD69849E}.Debug|Any CPU.ActiveCfg = Debug|Any CPU
		{6959E5B6-88F3-48D4-BB8A-3816BD69849E}.Debug|Any CPU.Build.0 = Debug|Any CPU
		{6959E5B6-88F3-48D4-BB8A-3816BD69849E}.Debug|x64.ActiveCfg = Debug|Any CPU
		{6959E5B6-88F3-48D4-BB8A-3816BD69849E}.Debug|x64.Build.0 = Debug|Any CPU
		{6959E5B6-88F3-48D4-BB8A-3816BD69849E}.Debug|x86.ActiveCfg = Debug|Any CPU
		{6959E5B6-88F3-48D4-BB8A-3816BD69849E}.Debug|x86.Build.0 = Debug|Any CPU
		{6959E5B6-88F3-48D4-BB8A-3816BD69849E}.Release|Any CPU.ActiveCfg = Release|Any CPU
		{6959E5B6-88F3-48D4-BB8A-3816BD69849E}.Release|Any CPU.Build.0 = Release|Any CPU
		{6959E5B6-88F3-48D4-BB8A-3816BD69849E}.Release|x64.ActiveCfg = Release|Any CPU
		{6959E5B6-88F3-48D4-BB8A-3816BD69849E}.Release|x64.Build.0 = Release|Any CPU
		{6959E5B6-88F3-48D4-BB8A-3816BD69849E}.Release|x86.ActiveCfg = Release|Any CPU
		{6959E5B6-88F3-48D4-BB8A-3816BD69849E}.Release|x86.Build.0 = Release|Any CPU
		{B57D2DCB-3424-463D-BC49-38FA2F971D64}.Debug|Any CPU.ActiveCfg = Debug|Any CPU
		{B57D2DCB-3424-463D-BC49-38FA2F971D64}.Debug|Any CPU.Build.0 = Debug|Any CPU
		{B57D2DCB-3424-463D-BC49-38FA2F971D64}.Debug|x64.ActiveCfg = Debug|Any CPU
		{B57D2DCB-3424-463D-BC49-38FA2F971D64}.Debug|x64.Build.0 = Debug|Any CPU
		{B57D2DCB-3424-463D-BC49-38FA2F971D64}.Debug|x86.ActiveCfg = Debug|Any CPU
		{B57D2DCB-3424-463D-BC49-38FA2F971D64}.Debug|x86.Build.0 = Debug|Any CPU
		{B57D2DCB-3424-463D-BC49-38FA2F971D64}.Release|Any CPU.ActiveCfg = Release|Any CPU
		{B57D2DCB-3424-463D-BC49-38FA2F971D64}.Release|Any CPU.Build.0 = Release|Any CPU
		{B57D2DCB-3424-463D-BC49-38FA2F971D64}.Release|x64.ActiveCfg = Release|Any CPU
		{B57D2DCB-3424-463D-BC49-38FA2F971D64}.Release|x64.Build.0 = Release|Any CPU
		{B57D2DCB-3424-463D-BC49-38FA2F971D64}.Release|x86.ActiveCfg = Release|Any CPU
		{B57D2DCB-3424-463D-BC49-38FA2F971D64}.Release|x86.Build.0 = Release|Any CPU
		{732EBDED-9FDB-46A1-B4AF-B46130704877}.Debug|Any CPU.ActiveCfg = Debug|Any CPU
		{732EBDED-9FDB-46A1-B4AF-B46130704877}.Debug|Any CPU.Build.0 = Debug|Any CPU
		{732EBDED-9FDB-46A1-B4AF-B46130704877}.Debug|x64.ActiveCfg = Debug|Any CPU
		{732EBDED-9FDB-46A1-B4AF-B46130704877}.Debug|x64.Build.0 = Debug|Any CPU
		{732EBDED-9FDB-46A1-B4AF-B46130704877}.Debug|x86.ActiveCfg = Debug|Any CPU
		{732EBDED-9FDB-46A1-B4AF-B46130704877}.Debug|x86.Build.0 = Debug|Any CPU
		{732EBDED-9FDB-46A1-B4AF-B46130704877}.Release|Any CPU.ActiveCfg = Release|Any CPU
		{732EBDED-9FDB-46A1-B4AF-B46130704877}.Release|Any CPU.Build.0 = Release|Any CPU
		{732EBDED-9FDB-46A1-B4AF-B46130704877}.Release|x64.ActiveCfg = Release|Any CPU
		{732EBDED-9FDB-46A1-B4AF-B46130704877}.Release|x64.Build.0 = Release|Any CPU
		{732EBDED-9FDB-46A1-B4AF-B46130704877}.Release|x86.ActiveCfg = Release|Any CPU
		{732EBDED-9FDB-46A1-B4AF-B46130704877}.Release|x86.Build.0 = Release|Any CPU
		{1ACB252B-6806-4847-9394-77DDAB3351A9}.Debug|Any CPU.ActiveCfg = Debug|Any CPU
		{1ACB252B-6806-4847-9394-77DDAB3351A9}.Debug|Any CPU.Build.0 = Debug|Any CPU
		{1ACB252B-6806-4847-9394-77DDAB3351A9}.Debug|x64.ActiveCfg = Debug|Any CPU
		{1ACB252B-6806-4847-9394-77DDAB3351A9}.Debug|x64.Build.0 = Debug|Any CPU
		{1ACB252B-6806-4847-9394-77DDAB3351A9}.Debug|x86.ActiveCfg = Debug|Any CPU
		{1ACB252B-6806-4847-9394-77DDAB3351A9}.Debug|x86.Build.0 = Debug|Any CPU
		{1ACB252B-6806-4847-9394-77DDAB3351A9}.Release|Any CPU.ActiveCfg = Release|Any CPU
		{1ACB252B-6806-4847-9394-77DDAB3351A9}.Release|Any CPU.Build.0 = Release|Any CPU
		{1ACB252B-6806-4847-9394-77DDAB3351A9}.Release|x64.ActiveCfg = Release|Any CPU
		{1ACB252B-6806-4847-9394-77DDAB3351A9}.Release|x64.Build.0 = Release|Any CPU
		{1ACB252B-6806-4847-9394-77DDAB3351A9}.Release|x86.ActiveCfg = Release|Any CPU
		{1ACB252B-6806-4847-9394-77DDAB3351A9}.Release|x86.Build.0 = Release|Any CPU
		{4396BCE7-1639-47DC-B5E0-2E02E2B57361}.Debug|Any CPU.ActiveCfg = Debug|Any CPU
		{4396BCE7-1639-47DC-B5E0-2E02E2B57361}.Debug|Any CPU.Build.0 = Debug|Any CPU
		{4396BCE7-1639-47DC-B5E0-2E02E2B57361}.Debug|x64.ActiveCfg = Debug|Any CPU
		{4396BCE7-1639-47DC-B5E0-2E02E2B57361}.Debug|x64.Build.0 = Debug|Any CPU
		{4396BCE7-1639-47DC-B5E0-2E02E2B57361}.Debug|x86.ActiveCfg = Debug|Any CPU
		{4396BCE7-1639-47DC-B5E0-2E02E2B57361}.Debug|x86.Build.0 = Debug|Any CPU
		{4396BCE7-1639-47DC-B5E0-2E02E2B57361}.Release|Any CPU.ActiveCfg = Release|Any CPU
		{4396BCE7-1639-47DC-B5E0-2E02E2B57361}.Release|Any CPU.Build.0 = Release|Any CPU
		{4396BCE7-1639-47DC-B5E0-2E02E2B57361}.Release|x64.ActiveCfg = Release|Any CPU
		{4396BCE7-1639-47DC-B5E0-2E02E2B57361}.Release|x64.Build.0 = Release|Any CPU
		{4396BCE7-1639-47DC-B5E0-2E02E2B57361}.Release|x86.ActiveCfg = Release|Any CPU
		{4396BCE7-1639-47DC-B5E0-2E02E2B57361}.Release|x86.Build.0 = Release|Any CPU
		{38CC4D7A-BD55-4AFF-804B-CAA18B322298}.Debug|Any CPU.ActiveCfg = Debug|Any CPU
		{38CC4D7A-BD55-4AFF-804B-CAA18B322298}.Debug|Any CPU.Build.0 = Debug|Any CPU
		{38CC4D7A-BD55-4AFF-804B-CAA18B322298}.Debug|x64.ActiveCfg = Debug|Any CPU
		{38CC4D7A-BD55-4AFF-804B-CAA18B322298}.Debug|x64.Build.0 = Debug|Any CPU
		{38CC4D7A-BD55-4AFF-804B-CAA18B322298}.Debug|x86.ActiveCfg = Debug|Any CPU
		{38CC4D7A-BD55-4AFF-804B-CAA18B322298}.Debug|x86.Build.0 = Debug|Any CPU
		{38CC4D7A-BD55-4AFF-804B-CAA18B322298}.Release|Any CPU.ActiveCfg = Release|Any CPU
		{38CC4D7A-BD55-4AFF-804B-CAA18B322298}.Release|Any CPU.Build.0 = Release|Any CPU
		{38CC4D7A-BD55-4AFF-804B-CAA18B322298}.Release|x64.ActiveCfg = Release|Any CPU
		{38CC4D7A-BD55-4AFF-804B-CAA18B322298}.Release|x64.Build.0 = Release|Any CPU
		{38CC4D7A-BD55-4AFF-804B-CAA18B322298}.Release|x86.ActiveCfg = Release|Any CPU
		{38CC4D7A-BD55-4AFF-804B-CAA18B322298}.Release|x86.Build.0 = Release|Any CPU
		{DD1B27C5-DD84-44A2-98EF-35762DB11EA7}.Debug|Any CPU.ActiveCfg = Debug|Any CPU
		{DD1B27C5-DD84-44A2-98EF-35762DB11EA7}.Debug|Any CPU.Build.0 = Debug|Any CPU
		{DD1B27C5-DD84-44A2-98EF-35762DB11EA7}.Debug|x64.ActiveCfg = Debug|Any CPU
		{DD1B27C5-DD84-44A2-98EF-35762DB11EA7}.Debug|x64.Build.0 = Debug|Any CPU
		{DD1B27C5-DD84-44A2-98EF-35762DB11EA7}.Debug|x86.ActiveCfg = Debug|Any CPU
		{DD1B27C5-DD84-44A2-98EF-35762DB11EA7}.Debug|x86.Build.0 = Debug|Any CPU
		{DD1B27C5-DD84-44A2-98EF-35762DB11EA7}.Release|Any CPU.ActiveCfg = Release|Any CPU
		{DD1B27C5-DD84-44A2-98EF-35762DB11EA7}.Release|Any CPU.Build.0 = Release|Any CPU
		{DD1B27C5-DD84-44A2-98EF-35762DB11EA7}.Release|x64.ActiveCfg = Release|Any CPU
		{DD1B27C5-DD84-44A2-98EF-35762DB11EA7}.Release|x64.Build.0 = Release|Any CPU
		{DD1B27C5-DD84-44A2-98EF-35762DB11EA7}.Release|x86.ActiveCfg = Release|Any CPU
		{DD1B27C5-DD84-44A2-98EF-35762DB11EA7}.Release|x86.Build.0 = Release|Any CPU
		{CE6AE4E0-E5DF-4038-89F7-7EC4D0E36D21}.Debug|Any CPU.ActiveCfg = Debug|Any CPU
		{CE6AE4E0-E5DF-4038-89F7-7EC4D0E36D21}.Debug|Any CPU.Build.0 = Debug|Any CPU
		{CE6AE4E0-E5DF-4038-89F7-7EC4D0E36D21}.Debug|x64.ActiveCfg = Debug|Any CPU
		{CE6AE4E0-E5DF-4038-89F7-7EC4D0E36D21}.Debug|x64.Build.0 = Debug|Any CPU
		{CE6AE4E0-E5DF-4038-89F7-7EC4D0E36D21}.Debug|x86.ActiveCfg = Debug|Any CPU
		{CE6AE4E0-E5DF-4038-89F7-7EC4D0E36D21}.Debug|x86.Build.0 = Debug|Any CPU
		{CE6AE4E0-E5DF-4038-89F7-7EC4D0E36D21}.Release|Any CPU.ActiveCfg = Release|Any CPU
		{CE6AE4E0-E5DF-4038-89F7-7EC4D0E36D21}.Release|Any CPU.Build.0 = Release|Any CPU
		{CE6AE4E0-E5DF-4038-89F7-7EC4D0E36D21}.Release|x64.ActiveCfg = Release|Any CPU
		{CE6AE4E0-E5DF-4038-89F7-7EC4D0E36D21}.Release|x64.Build.0 = Release|Any CPU
		{CE6AE4E0-E5DF-4038-89F7-7EC4D0E36D21}.Release|x86.ActiveCfg = Release|Any CPU
		{CE6AE4E0-E5DF-4038-89F7-7EC4D0E36D21}.Release|x86.Build.0 = Release|Any CPU
		{C0C7F4C3-7234-42B0-804A-E9624A3ABA89}.Debug|Any CPU.ActiveCfg = Debug|Any CPU
		{C0C7F4C3-7234-42B0-804A-E9624A3ABA89}.Debug|Any CPU.Build.0 = Debug|Any CPU
		{C0C7F4C3-7234-42B0-804A-E9624A3ABA89}.Debug|x64.ActiveCfg = Debug|Any CPU
		{C0C7F4C3-7234-42B0-804A-E9624A3ABA89}.Debug|x64.Build.0 = Debug|Any CPU
		{C0C7F4C3-7234-42B0-804A-E9624A3ABA89}.Debug|x86.ActiveCfg = Debug|Any CPU
		{C0C7F4C3-7234-42B0-804A-E9624A3ABA89}.Debug|x86.Build.0 = Debug|Any CPU
		{C0C7F4C3-7234-42B0-804A-E9624A3ABA89}.Release|Any CPU.ActiveCfg = Release|Any CPU
		{C0C7F4C3-7234-42B0-804A-E9624A3ABA89}.Release|Any CPU.Build.0 = Release|Any CPU
		{C0C7F4C3-7234-42B0-804A-E9624A3ABA89}.Release|x64.ActiveCfg = Release|Any CPU
		{C0C7F4C3-7234-42B0-804A-E9624A3ABA89}.Release|x64.Build.0 = Release|Any CPU
		{C0C7F4C3-7234-42B0-804A-E9624A3ABA89}.Release|x86.ActiveCfg = Release|Any CPU
		{C0C7F4C3-7234-42B0-804A-E9624A3ABA89}.Release|x86.Build.0 = Release|Any CPU
		{15A4252D-34FC-46BA-A0EC-2744F0FFEC50}.Debug|Any CPU.ActiveCfg = Debug|Any CPU
		{15A4252D-34FC-46BA-A0EC-2744F0FFEC50}.Debug|Any CPU.Build.0 = Debug|Any CPU
		{15A4252D-34FC-46BA-A0EC-2744F0FFEC50}.Debug|x64.ActiveCfg = Debug|Any CPU
		{15A4252D-34FC-46BA-A0EC-2744F0FFEC50}.Debug|x64.Build.0 = Debug|Any CPU
		{15A4252D-34FC-46BA-A0EC-2744F0FFEC50}.Debug|x86.ActiveCfg = Debug|Any CPU
		{15A4252D-34FC-46BA-A0EC-2744F0FFEC50}.Debug|x86.Build.0 = Debug|Any CPU
		{15A4252D-34FC-46BA-A0EC-2744F0FFEC50}.Release|Any CPU.ActiveCfg = Release|Any CPU
		{15A4252D-34FC-46BA-A0EC-2744F0FFEC50}.Release|Any CPU.Build.0 = Release|Any CPU
		{15A4252D-34FC-46BA-A0EC-2744F0FFEC50}.Release|x64.ActiveCfg = Release|Any CPU
		{15A4252D-34FC-46BA-A0EC-2744F0FFEC50}.Release|x64.Build.0 = Release|Any CPU
		{15A4252D-34FC-46BA-A0EC-2744F0FFEC50}.Release|x86.ActiveCfg = Release|Any CPU
		{15A4252D-34FC-46BA-A0EC-2744F0FFEC50}.Release|x86.Build.0 = Release|Any CPU
	EndGlobalSection
	GlobalSection(SolutionProperties) = preSolution
		HideSolutionNode = FALSE
	EndGlobalSection
	GlobalSection(NestedProjects) = preSolution
		{C0B75F8D-96CA-45FD-BBD8-DFE28A90327A} = {827E0CD3-B72D-47B6-A68D-7590B98EB39B}
		{6959E5B6-88F3-48D4-BB8A-3816BD69849E} = {827E0CD3-B72D-47B6-A68D-7590B98EB39B}
		{B57D2DCB-3424-463D-BC49-38FA2F971D64} = {827E0CD3-B72D-47B6-A68D-7590B98EB39B}
		{732EBDED-9FDB-46A1-B4AF-B46130704877} = {827E0CD3-B72D-47B6-A68D-7590B98EB39B}
		{1ACB252B-6806-4847-9394-77DDAB3351A9} = {827E0CD3-B72D-47B6-A68D-7590B98EB39B}
		{4396BCE7-1639-47DC-B5E0-2E02E2B57361} = {827E0CD3-B72D-47B6-A68D-7590B98EB39B}
		{38CC4D7A-BD55-4AFF-804B-CAA18B322298} = {0AB3BF05-4346-4AA6-1389-037BE0695223}
		{DD1B27C5-DD84-44A2-98EF-35762DB11EA7} = {0AB3BF05-4346-4AA6-1389-037BE0695223}
		{CE6AE4E0-E5DF-4038-89F7-7EC4D0E36D21} = {0AB3BF05-4346-4AA6-1389-037BE0695223}
		{C0C7F4C3-7234-42B0-804A-E9624A3ABA89} = {0AB3BF05-4346-4AA6-1389-037BE0695223}
		{15A4252D-34FC-46BA-A0EC-2744F0FFEC50} = {0AB3BF05-4346-4AA6-1389-037BE0695223}
	EndGlobalSection
EndGlobal
